// !$*UTF8*$!
{
	archiveVersion = 1;
	classes = {
	};
	objectVersion = 56;
	objects = {

/* Begin PBXBuildFile section */
		FA01656C2C1893E400110D65 /* DailyScrum.swift in Sources */ = {isa = PBXBuildFile; fileRef = FA01656B2C1893E400110D65 /* DailyScrum.swift */; };
		FA01656E2C189B7000110D65 /* CardView.swift in Sources */ = {isa = PBXBuildFile; fileRef = FA01656D2C189B7000110D65 /* CardView.swift */; };
		FA157E7B2C19601C00697BF7 /* Theme.swift in Sources */ = {isa = PBXBuildFile; fileRef = FA157E7A2C19601C00697BF7 /* Theme.swift */; };
		FAB6FF7E2C1BF79D000E6872 /* TrailingIconLabelStyle.swift in Sources */ = {isa = PBXBuildFile; fileRef = FAB6FF7D2C1BF79D000E6872 /* TrailingIconLabelStyle.swift */; };
		FAB6FF802C1BFBC9000E6872 /* ScrumsViews.swift in Sources */ = {isa = PBXBuildFile; fileRef = FAB6FF7F2C1BFBC9000E6872 /* ScrumsViews.swift */; };
		FAD1AEFA2C034D1E000F0445 /* ScrumDingerApp.swift in Sources */ = {isa = PBXBuildFile; fileRef = FAD1AEF92C034D1E000F0445 /* ScrumDingerApp.swift */; };
		FAD1AEFC2C034D1E000F0445 /* MeetingView.swift in Sources */ = {isa = PBXBuildFile; fileRef = FAD1AEFB2C034D1E000F0445 /* MeetingView.swift */; };
		FAD1AEFE2C034D20000F0445 /* Assets.xcassets in Resources */ = {isa = PBXBuildFile; fileRef = FAD1AEFD2C034D20000F0445 /* Assets.xcassets */; };
		FAD1AF022C034D20000F0445 /* Preview Assets.xcassets in Resources */ = {isa = PBXBuildFile; fileRef = FAD1AF012C034D20000F0445 /* Preview Assets.xcassets */; };
		FAD1AF0C2C034D21000F0445 /* ScrumDingerTests.swift in Sources */ = {isa = PBXBuildFile; fileRef = FAD1AF0B2C034D21000F0445 /* ScrumDingerTests.swift */; };
		FAD1AF162C034D21000F0445 /* ScrumDingerUITests.swift in Sources */ = {isa = PBXBuildFile; fileRef = FAD1AF152C034D21000F0445 /* ScrumDingerUITests.swift */; };
		FAD1AF182C034D21000F0445 /* ScrumDingerUITestsLaunchTests.swift in Sources */ = {isa = PBXBuildFile; fileRef = FAD1AF172C034D21000F0445 /* ScrumDingerUITestsLaunchTests.swift */; };
/* End PBXBuildFile section */

/* Begin PBXContainerItemProxy section */
		FAD1AF082C034D21000F0445 /* PBXContainerItemProxy */ = {
			isa = PBXContainerItemProxy;
			containerPortal = FAD1AEEE2C034D1E000F0445 /* Project object */;
			proxyType = 1;
			remoteGlobalIDString = FAD1AEF52C034D1E000F0445;
			remoteInfo = ScrumDinger;
		};
		FAD1AF122C034D21000F0445 /* PBXContainerItemProxy */ = {
			isa = PBXContainerItemProxy;
			containerPortal = FAD1AEEE2C034D1E000F0445 /* Project object */;
			proxyType = 1;
			remoteGlobalIDString = FAD1AEF52C034D1E000F0445;
			remoteInfo = ScrumDinger;
		};
/* End PBXContainerItemProxy section */

/* Begin PBXFileReference section */
		FA01656B2C1893E400110D65 /* DailyScrum.swift */ = {isa = PBXFileReference; lastKnownFileType = sourcecode.swift; path = DailyScrum.swift; sourceTree = "<group>"; };
		FA01656D2C189B7000110D65 /* CardView.swift */ = {isa = PBXFileReference; lastKnownFileType = sourcecode.swift; path = CardView.swift; sourceTree = "<group>"; };
		FA157E7A2C19601C00697BF7 /* Theme.swift */ = {isa = PBXFileReference; lastKnownFileType = sourcecode.swift; path = Theme.swift; sourceTree = "<group>"; };
		FAB6FF7D2C1BF79D000E6872 /* TrailingIconLabelStyle.swift */ = {isa = PBXFileReference; lastKnownFileType = sourcecode.swift; path = TrailingIconLabelStyle.swift; sourceTree = "<group>"; };
		FAB6FF7F2C1BFBC9000E6872 /* ScrumsViews.swift */ = {isa = PBXFileReference; lastKnownFileType = sourcecode.swift; path = ScrumsViews.swift; sourceTree = "<group>"; };
		FAD1AEF62C034D1E000F0445 /* ScrumDinger.app */ = {isa = PBXFileReference; explicitFileType = wrapper.application; includeInIndex = 0; path = ScrumDinger.app; sourceTree = BUILT_PRODUCTS_DIR; };
		FAD1AEF92C034D1E000F0445 /* ScrumDingerApp.swift */ = {isa = PBXFileReference; lastKnownFileType = sourcecode.swift; path = ScrumDingerApp.swift; sourceTree = "<group>"; };
		FAD1AEFB2C034D1E000F0445 /* MeetingView.swift */ = {isa = PBXFileReference; lastKnownFileType = sourcecode.swift; path = MeetingView.swift; sourceTree = "<group>"; };
		FAD1AEFD2C034D20000F0445 /* Assets.xcassets */ = {isa = PBXFileReference; lastKnownFileType = folder.assetcatalog; path = Assets.xcassets; sourceTree = "<group>"; };
		FAD1AEFF2C034D20000F0445 /* ScrumDinger.entitlements */ = {isa = PBXFileReference; lastKnownFileType = text.plist.entitlements; path = ScrumDinger.entitlements; sourceTree = "<group>"; };
		FAD1AF012C034D20000F0445 /* Preview Assets.xcassets */ = {isa = PBXFileReference; lastKnownFileType = folder.assetcatalog; path = "Preview Assets.xcassets"; sourceTree = "<group>"; };
		FAD1AF072C034D21000F0445 /* ScrumDingerTests.xctest */ = {isa = PBXFileReference; explicitFileType = wrapper.cfbundle; includeInIndex = 0; path = ScrumDingerTests.xctest; sourceTree = BUILT_PRODUCTS_DIR; };
		FAD1AF0B2C034D21000F0445 /* ScrumDingerTests.swift */ = {isa = PBXFileReference; lastKnownFileType = sourcecode.swift; path = ScrumDingerTests.swift; sourceTree = "<group>"; };
		FAD1AF112C034D21000F0445 /* ScrumDingerUITests.xctest */ = {isa = PBXFileReference; explicitFileType = wrapper.cfbundle; includeInIndex = 0; path = ScrumDingerUITests.xctest; sourceTree = BUILT_PRODUCTS_DIR; };
		FAD1AF152C034D21000F0445 /* ScrumDingerUITests.swift */ = {isa = PBXFileReference; lastKnownFileType = sourcecode.swift; path = ScrumDingerUITests.swift; sourceTree = "<group>"; };
		FAD1AF172C034D21000F0445 /* ScrumDingerUITestsLaunchTests.swift */ = {isa = PBXFileReference; lastKnownFileType = sourcecode.swift; path = ScrumDingerUITestsLaunchTests.swift; sourceTree = "<group>"; };
/* End PBXFileReference section */

/* Begin PBXFrameworksBuildPhase section */
		FAD1AEF32C034D1E000F0445 /* Frameworks */ = {
			isa = PBXFrameworksBuildPhase;
			buildActionMask = 2147483647;
			files = (
			);
			runOnlyForDeploymentPostprocessing = 0;
		};
		FAD1AF042C034D21000F0445 /* Frameworks */ = {
			isa = PBXFrameworksBuildPhase;
			buildActionMask = 2147483647;
			files = (
			);
			runOnlyForDeploymentPostprocessing = 0;
		};
		FAD1AF0E2C034D21000F0445 /* Frameworks */ = {
			isa = PBXFrameworksBuildPhase;
			buildActionMask = 2147483647;
			files = (
			);
			runOnlyForDeploymentPostprocessing = 0;
		};
/* End PBXFrameworksBuildPhase section */

/* Begin PBXGroup section */
		FA0165682C18925C00110D65 /* models */ = {
			isa = PBXGroup;
			children = (
				FA01656B2C1893E400110D65 /* DailyScrum.swift */,
				FA157E7A2C19601C00697BF7 /* Theme.swift */,
			);
			path = models;
			sourceTree = "<group>";
		};
		FAD1AEED2C034D1E000F0445 = {
			isa = PBXGroup;
			children = (
				FAD1AEF82C034D1E000F0445 /* ScrumDinger */,
				FAD1AF0A2C034D21000F0445 /* ScrumDingerTests */,
				FAD1AF142C034D21000F0445 /* ScrumDingerUITests */,
				FAD1AEF72C034D1E000F0445 /* Products */,
			);
			sourceTree = "<group>";
		};
		FAD1AEF72C034D1E000F0445 /* Products */ = {
			isa = PBXGroup;
			children = (
				FAD1AEF62C034D1E000F0445 /* ScrumDinger.app */,
				FAD1AF072C034D21000F0445 /* ScrumDingerTests.xctest */,
				FAD1AF112C034D21000F0445 /* ScrumDingerUITests.xctest */,
			);
			name = Products;
			sourceTree = "<group>";
		};
		FAD1AEF82C034D1E000F0445 /* ScrumDinger */ = {
			isa = PBXGroup;
			children = (
				FA0165682C18925C00110D65 /* models */,
				FAD1AEF92C034D1E000F0445 /* ScrumDingerApp.swift */,
				FAD1AEFB2C034D1E000F0445 /* MeetingView.swift */,
				FAD1AEFD2C034D20000F0445 /* Assets.xcassets */,
				FAD1AEFF2C034D20000F0445 /* ScrumDinger.entitlements */,
				FAD1AF002C034D20000F0445 /* Preview Content */,
				FA01656D2C189B7000110D65 /* CardView.swift */,
				FAB6FF7D2C1BF79D000E6872 /* TrailingIconLabelStyle.swift */,
				FAB6FF7F2C1BFBC9000E6872 /* ScrumsViews.swift */,
			);
			path = ScrumDinger;
			sourceTree = "<group>";
		};
		FAD1AF002C034D20000F0445 /* Preview Content */ = {
			isa = PBXGroup;
			children = (
				FAD1AF012C034D20000F0445 /* Preview Assets.xcassets */,
			);
			path = "Preview Content";
			sourceTree = "<group>";
		};
		FAD1AF0A2C034D21000F0445 /* ScrumDingerTests */ = {
			isa = PBXGroup;
			children = (
				FAD1AF0B2C034D21000F0445 /* ScrumDingerTests.swift */,
			);
			path = ScrumDingerTests;
			sourceTree = "<group>";
		};
		FAD1AF142C034D21000F0445 /* ScrumDingerUITests */ = {
			isa = PBXGroup;
			children = (
				FAD1AF152C034D21000F0445 /* ScrumDingerUITests.swift */,
				FAD1AF172C034D21000F0445 /* ScrumDingerUITestsLaunchTests.swift */,
			);
			path = ScrumDingerUITests;
			sourceTree = "<group>";
		};
/* End PBXGroup section */

/* Begin PBXNativeTarget section */
		FAD1AEF52C034D1E000F0445 /* ScrumDinger */ = {
			isa = PBXNativeTarget;
			buildConfigurationList = FAD1AF1B2C034D21000F0445 /* Build configuration list for PBXNativeTarget "ScrumDinger" */;
			buildPhases = (
				FAD1AEF22C034D1E000F0445 /* Sources */,
				FAD1AEF32C034D1E000F0445 /* Frameworks */,
				FAD1AEF42C034D1E000F0445 /* Resources */,
			);
			buildRules = (
			);
			dependencies = (
			);
			name = ScrumDinger;
			productName = ScrumDinger;
			productReference = FAD1AEF62C034D1E000F0445 /* ScrumDinger.app */;
			productType = "com.apple.product-type.application";
		};
		FAD1AF062C034D21000F0445 /* ScrumDingerTests */ = {
			isa = PBXNativeTarget;
			buildConfigurationList = FAD1AF1E2C034D21000F0445 /* Build configuration list for PBXNativeTarget "ScrumDingerTests" */;
			buildPhases = (
				FAD1AF032C034D21000F0445 /* Sources */,
				FAD1AF042C034D21000F0445 /* Frameworks */,
				FAD1AF052C034D21000F0445 /* Resources */,
			);
			buildRules = (
			);
			dependencies = (
				FAD1AF092C034D21000F0445 /* PBXTargetDependency */,
			);
			name = ScrumDingerTests;
			productName = ScrumDingerTests;
			productReference = FAD1AF072C034D21000F0445 /* ScrumDingerTests.xctest */;
			productType = "com.apple.product-type.bundle.unit-test";
		};
		FAD1AF102C034D21000F0445 /* ScrumDingerUITests */ = {
			isa = PBXNativeTarget;
			buildConfigurationList = FAD1AF212C034D21000F0445 /* Build configuration list for PBXNativeTarget "ScrumDingerUITests" */;
			buildPhases = (
				FAD1AF0D2C034D21000F0445 /* Sources */,
				FAD1AF0E2C034D21000F0445 /* Frameworks */,
				FAD1AF0F2C034D21000F0445 /* Resources */,
			);
			buildRules = (
			);
			dependencies = (
				FAD1AF132C034D21000F0445 /* PBXTargetDependency */,
			);
			name = ScrumDingerUITests;
			productName = ScrumDingerUITests;
			productReference = FAD1AF112C034D21000F0445 /* ScrumDingerUITests.xctest */;
			productType = "com.apple.product-type.bundle.ui-testing";
		};
/* End PBXNativeTarget section */

/* Begin PBXProject section */
		FAD1AEEE2C034D1E000F0445 /* Project object */ = {
			isa = PBXProject;
			attributes = {
				BuildIndependentTargetsInParallel = 1;
				LastSwiftUpdateCheck = 1540;
				LastUpgradeCheck = 1540;
				TargetAttributes = {
					FAD1AEF52C034D1E000F0445 = {
						CreatedOnToolsVersion = 15.4;
					};
					FAD1AF062C034D21000F0445 = {
						CreatedOnToolsVersion = 15.4;
						TestTargetID = FAD1AEF52C034D1E000F0445;
					};
					FAD1AF102C034D21000F0445 = {
						CreatedOnToolsVersion = 15.4;
						TestTargetID = FAD1AEF52C034D1E000F0445;
					};
				};
			};
			buildConfigurationList = FAD1AEF12C034D1E000F0445 /* Build configuration list for PBXProject "ScrumDinger" */;
			compatibilityVersion = "Xcode 14.0";
			developmentRegion = en;
			hasScannedForEncodings = 0;
			knownRegions = (
				en,
				Base,
			);
			mainGroup = FAD1AEED2C034D1E000F0445;
			productRefGroup = FAD1AEF72C034D1E000F0445 /* Products */;
			projectDirPath = "";
			projectRoot = "";
			targets = (
				FAD1AEF52C034D1E000F0445 /* ScrumDinger */,
				FAD1AF062C034D21000F0445 /* ScrumDingerTests */,
				FAD1AF102C034D21000F0445 /* ScrumDingerUITests */,
			);
		};
/* End PBXProject section */

/* Begin PBXResourcesBuildPhase section */
		FAD1AEF42C034D1E000F0445 /* Resources */ = {
			isa = PBXResourcesBuildPhase;
			buildActionMask = 2147483647;
			files = (
				FAD1AF022C034D20000F0445 /* Preview Assets.xcassets in Resources */,
				FAD1AEFE2C034D20000F0445 /* Assets.xcassets in Resources */,
			);
			runOnlyForDeploymentPostprocessing = 0;
		};
		FAD1AF052C034D21000F0445 /* Resources */ = {
			isa = PBXResourcesBuildPhase;
			buildActionMask = 2147483647;
			files = (
			);
			runOnlyForDeploymentPostprocessing = 0;
		};
		FAD1AF0F2C034D21000F0445 /* Resources */ = {
			isa = PBXResourcesBuildPhase;
			buildActionMask = 2147483647;
			files = (
			);
			runOnlyForDeploymentPostprocessing = 0;
		};
/* End PBXResourcesBuildPhase section */

/* Begin PBXSourcesBuildPhase section */
		FAD1AEF22C034D1E000F0445 /* Sources */ = {
			isa = PBXSourcesBuildPhase;
			buildActionMask = 2147483647;
			files = (
				FAB6FF802C1BFBC9000E6872 /* ScrumsViews.swift in Sources */,
				FA01656C2C1893E400110D65 /* DailyScrum.swift in Sources */,
				FAB6FF7E2C1BF79D000E6872 /* TrailingIconLabelStyle.swift in Sources */,
				FAD1AEFC2C034D1E000F0445 /* MeetingView.swift in Sources */,
				FA157E7B2C19601C00697BF7 /* Theme.swift in Sources */,
				FAD1AEFA2C034D1E000F0445 /* ScrumDingerApp.swift in Sources */,
				FA01656E2C189B7000110D65 /* CardView.swift in Sources */,
			);
			runOnlyForDeploymentPostprocessing = 0;
		};
		FAD1AF032C034D21000F0445 /* Sources */ = {
			isa = PBXSourcesBuildPhase;
			buildActionMask = 2147483647;
			files = (
				FAD1AF0C2C034D21000F0445 /* ScrumDingerTests.swift in Sources */,
			);
			runOnlyForDeploymentPostprocessing = 0;
		};
		FAD1AF0D2C034D21000F0445 /* Sources */ = {
			isa = PBXSourcesBuildPhase;
			buildActionMask = 2147483647;
			files = (
				FAD1AF182C034D21000F0445 /* ScrumDingerUITestsLaunchTests.swift in Sources */,
				FAD1AF162C034D21000F0445 /* ScrumDingerUITests.swift in Sources */,
			);
			runOnlyForDeploymentPostprocessing = 0;
		};
/* End PBXSourcesBuildPhase section */

/* Begin PBXTargetDependency section */
		FAD1AF092C034D21000F0445 /* PBXTargetDependency */ = {
			isa = PBXTargetDependency;
			target = FAD1AEF52C034D1E000F0445 /* ScrumDinger */;
			targetProxy = FAD1AF082C034D21000F0445 /* PBXContainerItemProxy */;
		};
		FAD1AF132C034D21000F0445 /* PBXTargetDependency */ = {
			isa = PBXTargetDependency;
			target = FAD1AEF52C034D1E000F0445 /* ScrumDinger */;
			targetProxy = FAD1AF122C034D21000F0445 /* PBXContainerItemProxy */;
		};
/* End PBXTargetDependency section */

/* Begin XCBuildConfiguration section */
		FAD1AF192C034D21000F0445 /* Debug */ = {
			isa = XCBuildConfiguration;
			buildSettings = {
				ALWAYS_SEARCH_USER_PATHS = NO;
				ASSETCATALOG_COMPILER_GENERATE_SWIFT_ASSET_SYMBOL_EXTENSIONS = YES;
				CLANG_ANALYZER_NONNULL = YES;
				CLANG_ANALYZER_NUMBER_OBJECT_CONVERSION = YES_AGGRESSIVE;
				CLANG_CXX_LANGUAGE_STANDARD = "gnu++20";
				CLANG_ENABLE_MODULES = YES;
				CLANG_ENABLE_OBJC_ARC = YES;
				CLANG_ENABLE_OBJC_WEAK = YES;
				CLANG_WARN_BLOCK_CAPTURE_AUTORELEASING = YES;
				CLANG_WARN_BOOL_CONVERSION = YES;
				CLANG_WARN_COMMA = YES;
				CLANG_WARN_CONSTANT_CONVERSION = YES;
				CLANG_WARN_DEPRECATED_OBJC_IMPLEMENTATIONS = YES;
				CLANG_WARN_DIRECT_OBJC_ISA_USAGE = YES_ERROR;
				CLANG_WARN_DOCUMENTATION_COMMENTS = YES;
				CLANG_WARN_EMPTY_BODY = YES;
				CLANG_WARN_ENUM_CONVERSION = YES;
				CLANG_WARN_INFINITE_RECURSION = YES;
				CLANG_WARN_INT_CONVERSION = YES;
				CLANG_WARN_NON_LITERAL_NULL_CONVERSION = YES;
				CLANG_WARN_OBJC_IMPLICIT_RETAIN_SELF = YES;
				CLANG_WARN_OBJC_LITERAL_CONVERSION = YES;
				CLANG_WARN_OBJC_ROOT_CLASS = YES_ERROR;
				CLANG_WARN_QUOTED_INCLUDE_IN_FRAMEWORK_HEADER = YES;
				CLANG_WARN_RANGE_LOOP_ANALYSIS = YES;
				CLANG_WARN_STRICT_PROTOTYPES = YES;
				CLANG_WARN_SUSPICIOUS_MOVE = YES;
				CLANG_WARN_UNGUARDED_AVAILABILITY = YES_AGGRESSIVE;
				CLANG_WARN_UNREACHABLE_CODE = YES;
				CLANG_WARN__DUPLICATE_METHOD_MATCH = YES;
				COPY_PHASE_STRIP = NO;
				DEBUG_INFORMATION_FORMAT = dwarf;
				ENABLE_STRICT_OBJC_MSGSEND = YES;
				ENABLE_TESTABILITY = YES;
				ENABLE_USER_SCRIPT_SANDBOXING = YES;
				GCC_C_LANGUAGE_STANDARD = gnu17;
				GCC_DYNAMIC_NO_PIC = NO;
				GCC_NO_COMMON_BLOCKS = YES;
				GCC_OPTIMIZATION_LEVEL = 0;
				GCC_PREPROCESSOR_DEFINITIONS = (
					"DEBUG=1",
					"$(inherited)",
				);
				GCC_WARN_64_TO_32_BIT_CONVERSION = YES;
				GCC_WARN_ABOUT_RETURN_TYPE = YES_ERROR;
				GCC_WARN_UNDECLARED_SELECTOR = YES;
				GCC_WARN_UNINITIALIZED_AUTOS = YES_AGGRESSIVE;
				GCC_WARN_UNUSED_FUNCTION = YES;
				GCC_WARN_UNUSED_VARIABLE = YES;
				LOCALIZATION_PREFERS_STRING_CATALOGS = YES;
				MTL_ENABLE_DEBUG_INFO = INCLUDE_SOURCE;
				MTL_FAST_MATH = YES;
				ONLY_ACTIVE_ARCH = YES;
				SWIFT_ACTIVE_COMPILATION_CONDITIONS = "DEBUG $(inherited)";
				SWIFT_OPTIMIZATION_LEVEL = "-Onone";
			};
			name = Debug;
		};
		FAD1AF1A2C034D21000F0445 /* Release */ = {
			isa = XCBuildConfiguration;
			buildSettings = {
				ALWAYS_SEARCH_USER_PATHS = NO;
				ASSETCATALOG_COMPILER_GENERATE_SWIFT_ASSET_SYMBOL_EXTENSIONS = YES;
				CLANG_ANALYZER_NONNULL = YES;
				CLANG_ANALYZER_NUMBER_OBJECT_CONVERSION = YES_AGGRESSIVE;
				CLANG_CXX_LANGUAGE_STANDARD = "gnu++20";
				CLANG_ENABLE_MODULES = YES;
				CLANG_ENABLE_OBJC_ARC = YES;
				CLANG_ENABLE_OBJC_WEAK = YES;
				CLANG_WARN_BLOCK_CAPTURE_AUTORELEASING = YES;
				CLANG_WARN_BOOL_CONVERSION = YES;
				CLANG_WARN_COMMA = YES;
				CLANG_WARN_CONSTANT_CONVERSION = YES;
				CLANG_WARN_DEPRECATED_OBJC_IMPLEMENTATIONS = YES;
				CLANG_WARN_DIRECT_OBJC_ISA_USAGE = YES_ERROR;
				CLANG_WARN_DOCUMENTATION_COMMENTS = YES;
				CLANG_WARN_EMPTY_BODY = YES;
				CLANG_WARN_ENUM_CONVERSION = YES;
				CLANG_WARN_INFINITE_RECURSION = YES;
				CLANG_WARN_INT_CONVERSION = YES;
				CLANG_WARN_NON_LITERAL_NULL_CONVERSION = YES;
				CLANG_WARN_OBJC_IMPLICIT_RETAIN_SELF = YES;
				CLANG_WARN_OBJC_LITERAL_CONVERSION = YES;
				CLANG_WARN_OBJC_ROOT_CLASS = YES_ERROR;
				CLANG_WARN_QUOTED_INCLUDE_IN_FRAMEWORK_HEADER = YES;
				CLANG_WARN_RANGE_LOOP_ANALYSIS = YES;
				CLANG_WARN_STRICT_PROTOTYPES = YES;
				CLANG_WARN_SUSPICIOUS_MOVE = YES;
				CLANG_WARN_UNGUARDED_AVAILABILITY = YES_AGGRESSIVE;
				CLANG_WARN_UNREACHABLE_CODE = YES;
				CLANG_WARN__DUPLICATE_METHOD_MATCH = YES;
				COPY_PHASE_STRIP = NO;
				DEBUG_INFORMATION_FORMAT = "dwarf-with-dsym";
				ENABLE_NS_ASSERTIONS = NO;
				ENABLE_STRICT_OBJC_MSGSEND = YES;
				ENABLE_USER_SCRIPT_SANDBOXING = YES;
				GCC_C_LANGUAGE_STANDARD = gnu17;
				GCC_NO_COMMON_BLOCKS = YES;
				GCC_WARN_64_TO_32_BIT_CONVERSION = YES;
				GCC_WARN_ABOUT_RETURN_TYPE = YES_ERROR;
				GCC_WARN_UNDECLARED_SELECTOR = YES;
				GCC_WARN_UNINITIALIZED_AUTOS = YES_AGGRESSIVE;
				GCC_WARN_UNUSED_FUNCTION = YES;
				GCC_WARN_UNUSED_VARIABLE = YES;
				LOCALIZATION_PREFERS_STRING_CATALOGS = YES;
				MTL_ENABLE_DEBUG_INFO = NO;
				MTL_FAST_MATH = YES;
				SWIFT_COMPILATION_MODE = wholemodule;
			};
			name = Release;
		};
		FAD1AF1C2C034D21000F0445 /* Debug */ = {
			isa = XCBuildConfiguration;
			buildSettings = {
				ASSETCATALOG_COMPILER_APPICON_NAME = AppIcon;
				ASSETCATALOG_COMPILER_GLOBAL_ACCENT_COLOR_NAME = AccentColor;
				CODE_SIGN_ENTITLEMENTS = ScrumDinger/ScrumDinger.entitlements;
				CODE_SIGN_STYLE = Automatic;
				CURRENT_PROJECT_VERSION = 1;
				DEVELOPMENT_ASSET_PATHS = "\"ScrumDinger/Preview Content\"";
				DEVELOPMENT_TEAM = 35SN593W77;
				ENABLE_HARDENED_RUNTIME = YES;
				ENABLE_PREVIEWS = YES;
				GENERATE_INFOPLIST_FILE = YES;
				"INFOPLIST_KEY_UIApplicationSceneManifest_Generation[sdk=iphoneos*]" = YES;
				"INFOPLIST_KEY_UIApplicationSceneManifest_Generation[sdk=iphonesimulator*]" = YES;
				"INFOPLIST_KEY_UIApplicationSupportsIndirectInputEvents[sdk=iphoneos*]" = YES;
				"INFOPLIST_KEY_UIApplicationSupportsIndirectInputEvents[sdk=iphonesimulator*]" = YES;
				"INFOPLIST_KEY_UILaunchScreen_Generation[sdk=iphoneos*]" = YES;
				"INFOPLIST_KEY_UILaunchScreen_Generation[sdk=iphonesimulator*]" = YES;
				"INFOPLIST_KEY_UIStatusBarStyle[sdk=iphoneos*]" = UIStatusBarStyleDefault;
				"INFOPLIST_KEY_UIStatusBarStyle[sdk=iphonesimulator*]" = UIStatusBarStyleDefault;
				INFOPLIST_KEY_UISupportedInterfaceOrientations_iPad = "UIInterfaceOrientationPortrait UIInterfaceOrientationPortraitUpsideDown UIInterfaceOrientationLandscapeLeft UIInterfaceOrientationLandscapeRight";
				INFOPLIST_KEY_UISupportedInterfaceOrientations_iPhone = "UIInterfaceOrientationPortrait UIInterfaceOrientationLandscapeLeft UIInterfaceOrientationLandscapeRight";
				IPHONEOS_DEPLOYMENT_TARGET = 17.5;
				LD_RUNPATH_SEARCH_PATHS = "@executable_path/Frameworks";
				"LD_RUNPATH_SEARCH_PATHS[sdk=macosx*]" = "@executable_path/../Frameworks";
				MACOSX_DEPLOYMENT_TARGET = 14.5;
				MARKETING_VERSION = 1.0;
				PRODUCT_BUNDLE_IDENTIFIER = pranaya.anargya.ScrumDinger;
				PRODUCT_NAME = "$(TARGET_NAME)";
				SDKROOT = auto;
				SUPPORTED_PLATFORMS = "iphoneos iphonesimulator macosx";
				SWIFT_EMIT_LOC_STRINGS = YES;
				SWIFT_VERSION = 5.0;
				TARGETED_DEVICE_FAMILY = "1,2";
			};
			name = Debug;
		};
		FAD1AF1D2C034D21000F0445 /* Release */ = {
			isa = XCBuildConfiguration;
			buildSettings = {
				ASSETCATALOG_COMPILER_APPICON_NAME = AppIcon;
				ASSETCATALOG_COMPILER_GLOBAL_ACCENT_COLOR_NAME = AccentColor;
				CODE_SIGN_ENTITLEMENTS = ScrumDinger/ScrumDinger.entitlements;
				CODE_SIGN_STYLE = Automatic;
				CURRENT_PROJECT_VERSION = 1;
				DEVELOPMENT_ASSET_PATHS = "\"ScrumDinger/Preview Content\"";
				DEVELOPMENT_TEAM = 35SN593W77;
				ENABLE_HARDENED_RUNTIME = YES;
				ENABLE_PREVIEWS = YES;
				GENERATE_INFOPLIST_FILE = YES;
				"INFOPLIST_KEY_UIApplicationSceneManifest_Generation[sdk=iphoneos*]" = YES;
				"INFOPLIST_KEY_UIApplicationSceneManifest_Generation[sdk=iphonesimulator*]" = YES;
				"INFOPLIST_KEY_UIApplicationSupportsIndirectInputEvents[sdk=iphoneos*]" = YES;
				"INFOPLIST_KEY_UIApplicationSupportsIndirectInputEvents[sdk=iphonesimulator*]" = YES;
				"INFOPLIST_KEY_UILaunchScreen_Generation[sdk=iphoneos*]" = YES;
				"INFOPLIST_KEY_UILaunchScreen_Generation[sdk=iphonesimulator*]" = YES;
				"INFOPLIST_KEY_UIStatusBarStyle[sdk=iphoneos*]" = UIStatusBarStyleDefault;
				"INFOPLIST_KEY_UIStatusBarStyle[sdk=iphonesimulator*]" = UIStatusBarStyleDefault;
				INFOPLIST_KEY_UISupportedInterfaceOrientations_iPad = "UIInterfaceOrientationPortrait UIInterfaceOrientationPortraitUpsideDown UIInterfaceOrientationLandscapeLeft UIInterfaceOrientationLandscapeRight";
				INFOPLIST_KEY_UISupportedInterfaceOrientations_iPhone = "UIInterfaceOrientationPortrait UIInterfaceOrientationLandscapeLeft UIInterfaceOrientationLandscapeRight";
				IPHONEOS_DEPLOYMENT_TARGET = 17.5;
				LD_RUNPATH_SEARCH_PATHS = "@executable_path/Frameworks";
				"LD_RUNPATH_SEARCH_PATHS[sdk=macosx*]" = "@executable_path/../Frameworks";
				MACOSX_DEPLOYMENT_TARGET = 14.5;
				MARKETING_VERSION = 1.0;
				PRODUCT_BUNDLE_IDENTIFIER = pranaya.anargya.ScrumDinger;
				PRODUCT_NAME = "$(TARGET_NAME)";
				SDKROOT = auto;
				SUPPORTED_PLATFORMS = "iphoneos iphonesimulator macosx";
				SWIFT_EMIT_LOC_STRINGS = YES;
				SWIFT_VERSION = 5.0;
				TARGETED_DEVICE_FAMILY = "1,2";
			};
			name = Release;
		};
		FAD1AF1F2C034D21000F0445 /* Debug */ = {
			isa = XCBuildConfiguration;
			buildSettings = {
				ALWAYS_EMBED_SWIFT_STANDARD_LIBRARIES = YES;
				BUNDLE_LOADER = "$(TEST_HOST)";
				CODE_SIGN_STYLE = Automatic;
				CURRENT_PROJECT_VERSION = 1;
				DEVELOPMENT_TEAM = 35SN593W77;
				GENERATE_INFOPLIST_FILE = YES;
				IPHONEOS_DEPLOYMENT_TARGET = 17.5;
				MACOSX_DEPLOYMENT_TARGET = 14.5;
				MARKETING_VERSION = 1.0;
				PRODUCT_BUNDLE_IDENTIFIER = pranaya.anargya.ScrumDingerTests;
				PRODUCT_NAME = "$(TARGET_NAME)";
				SDKROOT = auto;
				SUPPORTED_PLATFORMS = "iphoneos iphonesimulator macosx";
				SWIFT_EMIT_LOC_STRINGS = NO;
				SWIFT_VERSION = 5.0;
				TARGETED_DEVICE_FAMILY = "1,2";
				TEST_HOST = "$(BUILT_PRODUCTS_DIR)/ScrumDinger.app/$(BUNDLE_EXECUTABLE_FOLDER_PATH)/ScrumDinger";
			};
			name = Debug;
		};
		FAD1AF202C034D21000F0445 /* Release */ = {
			isa = XCBuildConfiguration;
			buildSettings = {
				ALWAYS_EMBED_SWIFT_STANDARD_LIBRARIES = YES;
				BUNDLE_LOADER = "$(TEST_HOST)";
				CODE_SIGN_STYLE = Automatic;
				CURRENT_PROJECT_VERSION = 1;
				DEVELOPMENT_TEAM = 35SN593W77;
				GENERATE_INFOPLIST_FILE = YES;
				IPHONEOS_DEPLOYMENT_TARGET = 17.5;
				MACOSX_DEPLOYMENT_TARGET = 14.5;
				MARKETING_VERSION = 1.0;
				PRODUCT_BUNDLE_IDENTIFIER = pranaya.anargya.ScrumDingerTests;
				PRODUCT_NAME = "$(TARGET_NAME)";
				SDKROOT = auto;
				SUPPORTED_PLATFORMS = "iphoneos iphonesimulator macosx";
				SWIFT_EMIT_LOC_STRINGS = NO;
				SWIFT_VERSION = 5.0;
				TARGETED_DEVICE_FAMILY = "1,2";
				TEST_HOST = "$(BUILT_PRODUCTS_DIR)/ScrumDinger.app/$(BUNDLE_EXECUTABLE_FOLDER_PATH)/ScrumDinger";
			};
			name = Release;
		};
		FAD1AF222C034D21000F0445 /* Debug */ = {
			isa = XCBuildConfiguration;
			buildSettings = {
				ALWAYS_EMBED_SWIFT_STANDARD_LIBRARIES = YES;
				CODE_SIGN_STYLE = Automatic;
				CURRENT_PROJECT_VERSION = 1;
				DEVELOPMENT_TEAM = 35SN593W77;
				GENERATE_INFOPLIST_FILE = YES;
				IPHONEOS_DEPLOYMENT_TARGET = 17.5;
				MACOSX_DEPLOYMENT_TARGET = 14.5;
				MARKETING_VERSION = 1.0;
				PRODUCT_BUNDLE_IDENTIFIER = pranaya.anargya.ScrumDingerUITests;
				PRODUCT_NAME = "$(TARGET_NAME)";
				SDKROOT = auto;
				SUPPORTED_PLATFORMS = "iphoneos iphonesimulator macosx";
				SWIFT_EMIT_LOC_STRINGS = NO;
				SWIFT_VERSION = 5.0;
				TARGETED_DEVICE_FAMILY = "1,2";
				TEST_TARGET_NAME = ScrumDinger;
			};
			name = Debug;
		};
		FAD1AF232C034D21000F0445 /* Release */ = {
			isa = XCBuildConfiguration;
			buildSettings = {
				ALWAYS_EMBED_SWIFT_STANDARD_LIBRARIES = YES;
				CODE_SIGN_STYLE = Automatic;
				CURRENT_PROJECT_VERSION = 1;
				DEVELOPMENT_TEAM = 35SN593W77;
				GENERATE_INFOPLIST_FILE = YES;
				IPHONEOS_DEPLOYMENT_TARGET = 17.5;
				MACOSX_DEPLOYMENT_TARGET = 14.5;
				MARKETING_VERSION = 1.0;
				PRODUCT_BUNDLE_IDENTIFIER = pranaya.anargya.ScrumDingerUITests;
				PRODUCT_NAME = "$(TARGET_NAME)";
				SDKROOT = auto;
				SUPPORTED_PLATFORMS = "iphoneos iphonesimulator macosx";
				SWIFT_EMIT_LOC_STRINGS = NO;
				SWIFT_VERSION = 5.0;
				TARGETED_DEVICE_FAMILY = "1,2";
				TEST_TARGET_NAME = ScrumDinger;
			};
			name = Release;
		};
/* End XCBuildConfiguration section */

/* Begin XCConfigurationList section */
		FAD1AEF12C034D1E000F0445 /* Build configuration list for PBXProject "ScrumDinger" */ = {
			isa = XCConfigurationList;
			buildConfigurations = (
				FAD1AF192C034D21000F0445 /* Debug */,
				FAD1AF1A2C034D21000F0445 /* Release */,
			);
			defaultConfigurationIsVisible = 0;
			defaultConfigurationName = Release;
		};
		FAD1AF1B2C034D21000F0445 /* Build configuration list for PBXNativeTarget "ScrumDinger" */ = {
			isa = XCConfigurationList;
			buildConfigurations = (
				FAD1AF1C2C034D21000F0445 /* Debug */,
				FAD1AF1D2C034D21000F0445 /* Release */,
			);
			defaultConfigurationIsVisible = 0;
			defaultConfigurationName = Release;
		};
		FAD1AF1E2C034D21000F0445 /* Build configuration list for PBXNativeTarget "ScrumDingerTests" */ = {
			isa = XCConfigurationList;
			buildConfigurations = (
				FAD1AF1F2C034D21000F0445 /* Debug */,
				FAD1AF202C034D21000F0445 /* Release */,
			);
			defaultConfigurationIsVisible = 0;
			defaultConfigurationName = Release;
		};
		FAD1AF212C034D21000F0445 /* Build configuration list for PBXNativeTarget "ScrumDingerUITests" */ = {
			isa = XCConfigurationList;
			buildConfigurations = (
				FAD1AF222C034D21000F0445 /* Debug */,
				FAD1AF232C034D21000F0445 /* Release */,
			);
			defaultConfigurationIsVisible = 0;
			defaultConfigurationName = Release;
		};
/* End XCConfigurationList section */
	};
	rootObject = FAD1AEEE2C034D1E000F0445 /* Project object */;
}
